
Microsoft Visual Studio Solution File, Format Version 12.00
# Visual Studio Version 17
VisualStudioVersion = 17.9.34622.214
MinimumVisualStudioVersion = 10.0.40219.1
Project("{9A19103F-16F7-4668-BE54-9A1E7A4F7556}") = "DashBoardAPI", "DashBoardAPI\DashBoardAPI.csproj", "{4B066414-B887-4166-9B1B-62D5C67CEFBE}"
EndProject
Project("{FAE04EC0-301F-11D3-BF4B-00C04F79EFBC}") = "DashBoardAPI.Tests", "DashBoardAPI.Tests\DashBoardAPI.Tests.csproj", "{3FDA6DCA-6AD0-4652-91AA-E638DBC1A9D6}"
EndProject
Global
	GlobalSection(SolutionConfigurationPlatforms) = preSolution
		Debug|Any CPU = Debug|Any CPU
		Release|Any CPU = Release|Any CPU
	EndGlobalSection
	GlobalSection(ProjectConfigurationPlatforms) = postSolution
		{4B066414-B887-4166-9B1B-62D5C67CEFBE}.Debug|Any CPU.ActiveCfg = Debug|Any CPU
		{4B066414-B887-4166-9B1B-62D5C67CEFBE}.Debug|Any CPU.Build.0 = Debug|Any CPU
		{4B066414-B887-4166-9B1B-62D5C67CEFBE}.Release|Any CPU.ActiveCfg = Release|Any CPU
		{4B066414-B887-4166-9B1B-62D5C67CEFBE}.Release|Any CPU.Build.0 = Release|Any CPU
		{3FDA6DCA-6AD0-4652-91AA-E638DBC1A9D6}.Debug|Any CPU.ActiveCfg = Debug|Any CPU
		{3FDA6DCA-6AD0-4652-91AA-E638DBC1A9D6}.Debug|Any CPU.Build.0 = Debug|Any CPU
		{3FDA6DCA-6AD0-4652-91AA-E638DBC1A9D6}.Release|Any CPU.ActiveCfg = Release|Any CPU
		{3FDA6DCA-6AD0-4652-91AA-E638DBC1A9D6}.Release|Any CPU.Build.0 = Release|Any CPU
	EndGlobalSection
	GlobalSection(SolutionProperties) = preSolution
		HideSolutionNode = FALSE
	EndGlobalSection
	GlobalSection(ExtensibilityGlobals) = postSolution
		SolutionGuid = {3794E247-F68C-4E6C-B5D5-701C362554BD}
	EndGlobalSection
EndGlobal
